
Microsoft Visual Studio Solution File, Format Version 12.00
Project("{FAE04EC0-301F-11D3-BF4B-00C04F79EFBC}") = "apbd-s34366-cw7", "apbd-s34366-cw7.csproj", "{EDBA1589-2047-43B1-B04D-36D6E9567782}"
EndProject
Project("{2150E333-8FDC-42A3-9474-1A3956D46DE8}") = "Solution Items", "Solution Items", "{AE36C525-B432-47C6-8C26-FF57C65F63E6}"
	ProjectSection(SolutionItems) = preProject
		compose.yaml = compose.yaml
	EndProjectSection
EndProject
Global
	GlobalSection(SolutionConfigurationPlatforms) = preSolution
		Debug|Any CPU = Debug|Any CPU
		Release|Any CPU = Release|Any CPU
	EndGlobalSection
	GlobalSection(ProjectConfigurationPlatforms) = postSolution
		{EDBA1589-2047-43B1-B04D-36D6E9567782}.Debug|Any CPU.ActiveCfg = Debug|Any CPU
		{EDBA1589-2047-43B1-B04D-36D6E9567782}.Debug|Any CPU.Build.0 = Debug|Any CPU
		{EDBA1589-2047-43B1-B04D-36D6E9567782}.Release|Any CPU.ActiveCfg = Release|Any CPU
		{EDBA1589-2047-43B1-B04D-36D6E9567782}.Release|Any CPU.Build.0 = Release|Any CPU
	EndGlobalSection
EndGlobal
